
Microsoft Visual Studio Solution File, Format Version 12.00
# Visual Studio Version 17
VisualStudioVersion = 17.9.34723.18
MinimumVisualStudioVersion = 10.0.40219.1
Project("{FAE04EC0-301F-11D3-BF4B-00C04F79EFBC}") = "STData.API", "STData.API\STData.API.csproj", "{23235DF3-62C9-4D3B-A7B8-6359BF40840D}"
EndProject
Project("{FAE04EC0-301F-11D3-BF4B-00C04F79EFBC}") = "StudentData.Business", "StudentData.Business\StudentData.Business.csproj", "{5E010A42-FFAE-47E8-BE5C-B749A4A36C32}"
EndProject
Project("{FAE04EC0-301F-11D3-BF4B-00C04F79EFBC}") = "StudentData.Entity", "StudentData.Entity\StudentData.Entity.csproj", "{FACB1E23-2B40-4340-ABCC-593BD5640199}"
EndProject
Project("{FAE04EC0-301F-11D3-BF4B-00C04F79EFBC}") = "StudentData.Repository", "StudentData.Repository\StudentData.Repository.csproj", "{FABA1545-1707-4586-9D13-382EE63EE96E}"
EndProject
Project("{FAE04EC0-301F-11D3-BF4B-00C04F79EFBC}") = "StudentData.ViewModels", "StudentData.ViewModels\StudentData.ViewModels.csproj", "{704CC679-79AB-492A-B9C0-893F3603D1E3}"
EndProject
Global
	GlobalSection(SolutionConfigurationPlatforms) = preSolution
		Debug|Any CPU = Debug|Any CPU
		Release|Any CPU = Release|Any CPU
	EndGlobalSection
	GlobalSection(ProjectConfigurationPlatforms) = postSolution
		{23235DF3-62C9-4D3B-A7B8-6359BF40840D}.Debug|Any CPU.ActiveCfg = Debug|Any CPU
		{23235DF3-62C9-4D3B-A7B8-6359BF40840D}.Debug|Any CPU.Build.0 = Debug|Any CPU
		{23235DF3-62C9-4D3B-A7B8-6359BF40840D}.Release|Any CPU.ActiveCfg = Release|Any CPU
		{23235DF3-62C9-4D3B-A7B8-6359BF40840D}.Release|Any CPU.Build.0 = Release|Any CPU
		{5E010A42-FFAE-47E8-BE5C-B749A4A36C32}.Debug|Any CPU.ActiveCfg = Debug|Any CPU
		{5E010A42-FFAE-47E8-BE5C-B749A4A36C32}.Debug|Any CPU.Build.0 = Debug|Any CPU
		{5E010A42-FFAE-47E8-BE5C-B749A4A36C32}.Release|Any CPU.ActiveCfg = Release|Any CPU
		{5E010A42-FFAE-47E8-BE5C-B749A4A36C32}.Release|Any CPU.Build.0 = Release|Any CPU
		{FACB1E23-2B40-4340-ABCC-593BD5640199}.Debug|Any CPU.ActiveCfg = Debug|Any CPU
		{FACB1E23-2B40-4340-ABCC-593BD5640199}.Debug|Any CPU.Build.0 = Debug|Any CPU
		{FACB1E23-2B40-4340-ABCC-593BD5640199}.Release|Any CPU.ActiveCfg = Release|Any CPU
		{FACB1E23-2B40-4340-ABCC-593BD5640199}.Release|Any CPU.Build.0 = Release|Any CPU
		{FABA1545-1707-4586-9D13-382EE63EE96E}.Debug|Any CPU.ActiveCfg = Debug|Any CPU
		{FABA1545-1707-4586-9D13-382EE63EE96E}.Debug|Any CPU.Build.0 = Debug|Any CPU
		{FABA1545-1707-4586-9D13-382EE63EE96E}.Release|Any CPU.ActiveCfg = Release|Any CPU
		{FABA1545-1707-4586-9D13-382EE63EE96E}.Release|Any CPU.Build.0 = Release|Any CPU
		{704CC679-79AB-492A-B9C0-893F3603D1E3}.Debug|Any CPU.ActiveCfg = Debug|Any CPU
		{704CC679-79AB-492A-B9C0-893F3603D1E3}.Debug|Any CPU.Build.0 = Debug|Any CPU
		{704CC679-79AB-492A-B9C0-893F3603D1E3}.Release|Any CPU.ActiveCfg = Release|Any CPU
		{704CC679-79AB-492A-B9C0-893F3603D1E3}.Release|Any CPU.Build.0 = Release|Any CPU
	EndGlobalSection
	GlobalSection(SolutionProperties) = preSolution
		HideSolutionNode = FALSE
	EndGlobalSection
	GlobalSection(ExtensibilityGlobals) = postSolution
		SolutionGuid = {FAC2C972-287C-4086-9EC4-9641F56861AC}
	EndGlobalSection
EndGlobal
